
Microsoft Visual Studio Solution File, Format Version 12.00
Project("{FAE04EC0-301F-11D3-BF4B-00C04F79EFBC}") = "HttpServerTask", "HttpServerTask\HttpServerTask.csproj", "{A2594687-15DC-4B93-B9D1-929A6D19EFC0}"
EndProject
Global
	GlobalSection(SolutionConfigurationPlatforms) = preSolution
		Debug|Any CPU = Debug|Any CPU
		Release|Any CPU = Release|Any CPU
	EndGlobalSection
	GlobalSection(ProjectConfigurationPlatforms) = postSolution
		{A2594687-15DC-4B93-B9D1-929A6D19EFC0}.Debug|Any CPU.ActiveCfg = Debug|Any CPU
		{A2594687-15DC-4B93-B9D1-929A6D19EFC0}.Debug|Any CPU.Build.0 = Debug|Any CPU
		{A2594687-15DC-4B93-B9D1-929A6D19EFC0}.Release|Any CPU.ActiveCfg = Release|Any CPU
		{A2594687-15DC-4B93-B9D1-929A6D19EFC0}.Release|Any CPU.Build.0 = Release|Any CPU
	EndGlobalSection
EndGlobal
